# THIS IS AN AUTOGENERATED FILE. DO NOT EDIT THIS FILE DIRECTLY.
# yarn lockfile v1


"@sindresorhus/is@^0.7.0":
  version "0.7.0"
  resolved "https://nexus.1wplace.com/repository/npm/@sindresorhus/is/-/is-0.7.0.tgz#9a06f4f137ee84d7df0460c1fdb1135ffa6c50fd"
  integrity sha512-ONhaKPIufzzrlNbqtWFFd+jlnemX6lJAgq9ZeiZtS7I1PIf/la7CW4m83rTXRnVnsMbW2k56pGYu7AUFJD9Pow==

aggregate-error@^1.0.0:
  version "1.0.0"
  resolved "https://nexus.1wplace.com/repository/npm/aggregate-error/-/aggregate-error-1.0.0.tgz#888344dad0220a72e3af50906117f48771925fac"
  integrity sha1-iINE2tAiCnLjr1CQYRf0h3GSX6w=
  dependencies:
    clean-stack "^1.0.0"
    indent-string "^3.0.0"

ajv@^5.3.0:
  version "5.5.2"
  resolved "https://nexus.1wplace.com/repository/npm/ajv/-/ajv-5.5.2.tgz#73b5eeca3fab653e3d3f9422b341ad42205dc965"
  integrity sha1-c7Xuyj+rZT49P5Qis0GtQiBdyWU=
  dependencies:
    co "^4.6.0"
    fast-deep-equal "^1.0.0"
    fast-json-stable-stringify "^2.0.0"
    json-schema-traverse "^0.3.0"

argparse@^1.0.7:
  version "1.0.10"
  resolved "https://nexus.1wplace.com/repository/npm/argparse/-/argparse-1.0.10.tgz#bcd6791ea5ae09725e17e5ad988134cd40b3d911"
  integrity sha512-o5Roy6tNG4SL/FOkCAN6RzjiakZS25RLYFrcMttJqbdd8BWrnA+fGz57iN5Pb06pvBGvl5gQ0B48dJlslXvoTg==
  dependencies:
    sprintf-js "~1.0.2"

asn1@~0.2.3:
  version "0.2.4"
  resolved "https://nexus.1wplace.com/repository/npm/asn1/-/asn1-0.2.4.tgz#8d2475dfab553bb33e77b54e59e880bb8ce23136"
  integrity sha512-jxwzQpLQjSmWXgwaCZE9Nz+glAG01yF1QnWgbhGwHI5A6FRIEY6IVqtHhIepHqI7/kyEyQEagBC5mBEFlIYvdg==
  dependencies:
    safer-buffer "~2.1.0"

assert-plus@1.0.0, assert-plus@^1.0.0:
  version "1.0.0"
  resolved "https://nexus.1wplace.com/repository/npm/assert-plus/-/assert-plus-1.0.0.tgz#f12e0f3c5d77b0b1cdd9146942e4e96c1e4dd525"
  integrity sha1-8S4PPF13sLHN2RRpQuTpbB5N1SU=

async@^2.6.0:
  version "2.6.1"
  resolved "https://nexus.1wplace.com/repository/npm/async/-/async-2.6.1.tgz#b245a23ca71930044ec53fa46aa00a3e87c6a610"
  integrity sha512-fNEiL2+AZt6AlAw/29Cr0UDe4sRAHCpEHh54WMz+Bb7QfNcFw4h3loofyJpLeQs4Yx7yuqu/2dLgM5hKOs6HlQ==
  dependencies:
    lodash "^4.17.10"

asynckit@^0.4.0:
  version "0.4.0"
  resolved "https://nexus.1wplace.com/repository/npm/asynckit/-/asynckit-0.4.0.tgz#c79ed97f7f34cb8f2ba1bc9790bcc366474b4b79"
  integrity sha1-x57Zf380y48robyXkLzDZkdLS3k=

aws-sign2@~0.7.0:
  version "0.7.0"
  resolved "https://nexus.1wplace.com/repository/npm/aws-sign2/-/aws-sign2-0.7.0.tgz#b46e890934a9591f2d2f6f86d7e6a9f1b3fe76a8"
  integrity sha1-tG6JCTSpWR8tL2+G1+ap8bP+dqg=

aws4@^1.8.0:
  version "1.8.0"
  resolved "https://nexus.1wplace.com/repository/npm/aws4/-/aws4-1.8.0.tgz#f0e003d9ca9e7f59c7a508945d7b2ef9a04a542f"
  integrity sha512-ReZxvNHIOv88FlT7rxcXIIC0fPt4KZqZbOlivyWtXLt8ESx84zd3kMC6iK5jVeS2qt+g7ftS7ye4fi06X5rtRQ==

base64url@^3.0.0:
  version "3.0.0"
  resolved "https://nexus.1wplace.com/repository/npm/base64url/-/base64url-3.0.0.tgz#f2ba30b15f80413d88e3e6116c4f3f7f61e28a2a"
  integrity sha512-LIVmqIrIWuiqTvn4RzcrwCOuHo2DD6tKmKBPXXlr4p4n4l6BZBkwFTIa3zu1XkX5MbZgro4a6BvPi+n2Mns5Gg==

bcrypt-pbkdf@^1.0.0:
  version "1.0.2"
  resolved "https://nexus.1wplace.com/repository/npm/bcrypt-pbkdf/-/bcrypt-pbkdf-1.0.2.tgz#a4301d389b6a43f9b67ff3ca11a3f6637e360e9e"
  integrity sha1-pDAdOJtqQ/m2f/PKEaP2Y342Dp4=
  dependencies:
    tweetnacl "^0.14.3"

bluebird@^3.5.2:
  version "3.5.2"
  resolved "https://nexus.1wplace.com/repository/npm/bluebird/-/bluebird-3.5.2.tgz#1be0908e054a751754549c270489c1505d4ab15a"
  integrity sha512-dhHTWMI7kMx5whMQntl7Vr9C6BvV10lFXDAasnqnrMYhXVCzzk6IO9Fo2L75jXHT07WrOngL1WDXOp+yYS91Yg==

cacheable-request@^2.1.1:
  version "2.1.4"
  resolved "https://nexus.1wplace.com/repository/npm/cacheable-request/-/cacheable-request-2.1.4.tgz#0d808801b6342ad33c91df9d0b44dc09b91e5c3d"
  integrity sha1-DYCIAbY0KtM8kd+dC0TcCbkeXD0=
  dependencies:
    clone-response "1.0.2"
    get-stream "3.0.0"
    http-cache-semantics "3.8.1"
    keyv "3.0.0"
    lowercase-keys "1.0.0"
    normalize-url "2.0.1"
    responselike "1.0.2"

caseless@~0.12.0:
  version "0.12.0"
  resolved "https://nexus.1wplace.com/repository/npm/caseless/-/caseless-0.12.0.tgz#1b681c21ff84033c826543090689420d187151dc"
  integrity sha1-G2gcIf+EAzyCZUMJBolCDRhxUdw=

clean-stack@^1.0.0:
  version "1.3.0"
  resolved "https://nexus.1wplace.com/repository/npm/clean-stack/-/clean-stack-1.3.0.tgz#9e821501ae979986c46b1d66d2d432db2fd4ae31"
  integrity sha1-noIVAa6XmYbEax1m0tQy2y/UrjE=

clone-response@1.0.2:
  version "1.0.2"
  resolved "https://nexus.1wplace.com/repository/npm/clone-response/-/clone-response-1.0.2.tgz#d1dc973920314df67fbeb94223b4ee350239e96b"
  integrity sha1-0dyXOSAxTfZ/vrlCI7TuNQI56Ws=
  dependencies:
    mimic-response "^1.0.0"

co@^4.6.0:
  version "4.6.0"
  resolved "https://nexus.1wplace.com/repository/npm/co/-/co-4.6.0.tgz#6ea6bdf3d853ae54ccb8e47bfa0bf3f9031fb184"
  integrity sha1-bqa989hTrlTMuOR7+gvz+QMfsYQ=

combined-stream@1.0.6, combined-stream@~1.0.6:
  version "1.0.6"
  resolved "https://nexus.1wplace.com/repository/npm/combined-stream/-/combined-stream-1.0.6.tgz#723e7df6e801ac5613113a7e445a9b69cb632818"
  integrity sha1-cj599ugBrFYTETp+RFqbactjKBg=
  dependencies:
    delayed-stream "~1.0.0"

core-util-is@1.0.2, core-util-is@~1.0.0:
  version "1.0.2"
  resolved "https://nexus.1wplace.com/repository/npm/core-util-is/-/core-util-is-1.0.2.tgz#b5fd54220aa2bc5ab57aab7140c940754503c1a7"
  integrity sha1-tf1UIgqivFq1eqtxQMlAdUUDwac=

dashdash@^1.12.0:
  version "1.14.1"
  resolved "https://nexus.1wplace.com/repository/npm/dashdash/-/dashdash-1.14.1.tgz#853cfa0f7cbe2fed5de20326b8dd581035f6e2f0"
  integrity sha1-hTz6D3y+L+1d4gMmuN1YEDX24vA=
  dependencies:
    assert-plus "^1.0.0"

debug@3.1.0:
  version "3.1.0"
  resolved "https://nexus.1wplace.com/repository/npm/debug/-/debug-3.1.0.tgz#5bb5a0672628b64149566ba16819e61518c67261"
  integrity sha512-OX8XqP7/1a9cqkxYw2yXss15f26NKWBpDXQd0/uK/KPqdQhxbPa994hnzjcE2VqQpDslf55723cKPUOGSmMY3g==
  dependencies:
    ms "2.0.0"

decode-uri-component@^0.2.0:
  version "0.2.0"
  resolved "https://nexus.1wplace.com/repository/npm/decode-uri-component/-/decode-uri-component-0.2.0.tgz#eb3913333458775cb84cd1a1fae062106bb87545"
  integrity sha1-6zkTMzRYd1y4TNGh+uBiEGu4dUU=

decompress-response@^3.3.0:
  version "3.3.0"
  resolved "https://nexus.1wplace.com/repository/npm/decompress-response/-/decompress-response-3.3.0.tgz#80a4dd323748384bfa248083622aedec982adff3"
  integrity sha1-gKTdMjdIOEv6JICDYirt7Jgq3/M=
  dependencies:
    mimic-response "^1.0.0"

delayed-stream@~1.0.0:
  version "1.0.0"
  resolved "https://nexus.1wplace.com/repository/npm/delayed-stream/-/delayed-stream-1.0.0.tgz#df3ae199acadfb7d440aaae0b29e2272b24ec619"
  integrity sha1-3zrhmayt+31ECqrgsp4icrJOxhk=

duplexer3@^0.1.4:
  version "0.1.4"
  resolved "https://nexus.1wplace.com/repository/npm/duplexer3/-/duplexer3-0.1.4.tgz#ee01dd1cac0ed3cbc7fdbea37dc0a8f1ce002ce2"
  integrity sha1-7gHdHKwO08vH/b6jfcCo8c4ALOI=

ecc-jsbn@~0.1.1:
  version "0.1.2"
  resolved "https://nexus.1wplace.com/repository/npm/ecc-jsbn/-/ecc-jsbn-0.1.2.tgz#3a83a904e54353287874c564b7549386849a98c9"
  integrity sha1-OoOpBOVDUyh4dMVkt1SThoSamMk=
  dependencies:
    jsbn "~0.1.0"
    safer-buffer "^2.1.0"

es6-promise@^4.0.5:
  version "4.2.4"
  resolved "https://nexus.1wplace.com/repository/npm/es6-promise/-/es6-promise-4.2.4.tgz#dc4221c2b16518760bd8c39a52d8f356fc00ed29"
  integrity sha512-/NdNZVJg+uZgtm9eS3O6lrOLYmQag2DjdEXuPaHlZ6RuVqgqaVZfgYCepEIKsLqwdQArOPtC3XzRLqGGfT8KQQ==

esprima@^4.0.0:
  version "4.0.1"
  resolved "https://nexus.1wplace.com/repository/npm/esprima/-/esprima-4.0.1.tgz#13b04cdb3e6c5d19df91ab6987a8695619b0aa71"
  integrity sha512-eGuFFw7Upda+g4p+QHvnW0RyTX/SVeJBDM/gCtMARO0cLuT2HcEKnTPvhjV6aGeqrCB/sbNop0Kszm0jsaWU4A==

extend@~3.0.2:
  version "3.0.2"
  resolved "https://nexus.1wplace.com/repository/npm/extend/-/extend-3.0.2.tgz#f8b1136b4071fbd8eb140aff858b1019ec2915fa"
  integrity sha512-fjquC59cD7CyW6urNXK0FBufkZcoiGG80wTuPujX590cB5Ttln20E2UB4S/WARVqhXffZl2LNgS+gQdPIIim/g==

extsprintf@1.3.0:
  version "1.3.0"
  resolved "https://nexus.1wplace.com/repository/npm/extsprintf/-/extsprintf-1.3.0.tgz#96918440e3041a7a414f8c52e3c574eb3c3e1e05"
  integrity sha1-lpGEQOMEGnpBT4xS48V06zw+HgU=

extsprintf@^1.2.0:
  version "1.4.0"
  resolved "https://nexus.1wplace.com/repository/npm/extsprintf/-/extsprintf-1.4.0.tgz#e2689f8f356fad62cca65a3a91c5df5f9551692f"
  integrity sha1-4mifjzVvrWLMplo6kcXfX5VRaS8=

fast-deep-equal@^1.0.0:
  version "1.1.0"
  resolved "https://nexus.1wplace.com/repository/npm/fast-deep-equal/-/fast-deep-equal-1.1.0.tgz#c053477817c86b51daa853c81e059b733d023614"
  integrity sha1-wFNHeBfIa1HaqFPIHgWbcz0CNhQ=

fast-json-stable-stringify@^2.0.0:
  version "2.0.0"
  resolved "https://nexus.1wplace.com/repository/npm/fast-json-stable-stringify/-/fast-json-stable-stringify-2.0.0.tgz#d5142c0caee6b1189f87d3a76111064f86c8bbf2"
  integrity sha1-1RQsDK7msRifh9OnYREGT4bIu/I=

forever-agent@~0.6.1:
  version "0.6.1"
  resolved "https://nexus.1wplace.com/repository/npm/forever-agent/-/forever-agent-0.6.1.tgz#fbc71f0c41adeb37f96c577ad1ed42d8fdacca91"
  integrity sha1-+8cfDEGt6zf5bFd60e1C2P2sypE=

form-data@~2.3.2:
  version "2.3.2"
  resolved "https://nexus.1wplace.com/repository/npm/form-data/-/form-data-2.3.2.tgz#4970498be604c20c005d4f5c23aecd21d6b49099"
  integrity sha1-SXBJi+YEwgwAXU9cI67NIda0kJk=
  dependencies:
    asynckit "^0.4.0"
    combined-stream "1.0.6"
    mime-types "^2.1.12"

from2@^2.1.1:
  version "2.3.0"
  resolved "https://nexus.1wplace.com/repository/npm/from2/-/from2-2.3.0.tgz#8bfb5502bde4a4d36cfdeea007fcca21d7e382af"
  integrity sha1-i/tVAr3kpNNs/e6gB/zKIdfjgq8=
  dependencies:
    inherits "^2.0.1"
    readable-stream "^2.0.0"

get-stream@3.0.0, get-stream@^3.0.0:
  version "3.0.0"
  resolved "https://nexus.1wplace.com/repository/npm/get-stream/-/get-stream-3.0.0.tgz#8e943d1358dc37555054ecbe2edb05aa174ede14"
  integrity sha1-jpQ9E1jcN1VQVOy+LtsFqhdO3hQ=

getpass@^0.1.1:
  version "0.1.7"
  resolved "https://nexus.1wplace.com/repository/npm/getpass/-/getpass-0.1.7.tgz#5eff8e3e684d569ae4cb2b1282604e8ba62149fa"
  integrity sha1-Xv+OPmhNVprkyysSgmBOi6YhSfo=
  dependencies:
    assert-plus "^1.0.0"

got@^8.3.1:
  version "8.3.2"
  resolved "https://nexus.1wplace.com/repository/npm/got/-/got-8.3.2.tgz#1d23f64390e97f776cac52e5b936e5f514d2e937"
  integrity sha512-qjUJ5U/hawxosMryILofZCkm3C84PLJS/0grRIpjAwu+Lkxxj5cxeCU25BG0/3mDSpXKTyZr8oh8wIgLaH0QCw==
  dependencies:
    "@sindresorhus/is" "^0.7.0"
    cacheable-request "^2.1.1"
    decompress-response "^3.3.0"
    duplexer3 "^0.1.4"
    get-stream "^3.0.0"
    into-stream "^3.1.0"
    is-retry-allowed "^1.1.0"
    isurl "^1.0.0-alpha5"
    lowercase-keys "^1.0.0"
    mimic-response "^1.0.0"
    p-cancelable "^0.4.0"
    p-timeout "^2.0.1"
    pify "^3.0.0"
    safe-buffer "^5.1.1"
    timed-out "^4.0.1"
    url-parse-lax "^3.0.0"
    url-to-options "^1.0.1"

har-schema@^2.0.0:
  version "2.0.0"
  resolved "https://nexus.1wplace.com/repository/npm/har-schema/-/har-schema-2.0.0.tgz#a94c2224ebcac04782a0d9035521f24735b7ec92"
  integrity sha1-qUwiJOvKwEeCoNkDVSHyRzW37JI=

har-validator@~5.1.0:
  version "5.1.0"
  resolved "https://nexus.1wplace.com/repository/npm/har-validator/-/har-validator-5.1.0.tgz#44657f5688a22cfd4b72486e81b3a3fb11742c29"
  integrity sha512-+qnmNjI4OfH2ipQ9VQOw23bBd/ibtfbVdK2fYbY4acTDqKTW/YDp9McimZdDbG8iV9fZizUqQMD5xvriB146TA==
  dependencies:
    ajv "^5.3.0"
    har-schema "^2.0.0"

has-symbol-support-x@^1.4.1:
  version "1.4.2"
  resolved "https://nexus.1wplace.com/repository/npm/has-symbol-support-x/-/has-symbol-support-x-1.4.2.tgz#1409f98bc00247da45da67cee0a36f282ff26455"
  integrity sha512-3ToOva++HaW+eCpgqZrCfN51IPB+7bJNVT6CUATzueB5Heb8o6Nam0V3HG5dlDvZU1Gn5QLcbahiKw/XVk5JJw==

has-to-string-tag-x@^1.2.0:
  version "1.4.1"
  resolved "https://nexus.1wplace.com/repository/npm/has-to-string-tag-x/-/has-to-string-tag-x-1.4.1.tgz#a045ab383d7b4b2012a00148ab0aa5f290044d4d"
  integrity sha512-vdbKfmw+3LoOYVr+mtxHaX5a96+0f3DljYd8JOqvOLsf5mw2Otda2qCDT9qRqLAhrjyQ0h7ual5nOiASpsGNFw==
  dependencies:
    has-symbol-support-x "^1.4.1"

http-cache-semantics@3.8.1:
  version "3.8.1"
  resolved "https://nexus.1wplace.com/repository/npm/http-cache-semantics/-/http-cache-semantics-3.8.1.tgz#39b0e16add9b605bf0a9ef3d9daaf4843b4cacd2"
  integrity sha512-5ai2iksyV8ZXmnZhHH4rWPoxxistEexSi5936zIQ1bnNTW5VnA85B6P/VpXiRM017IgRvb2kKo1a//y+0wSp3w==

http-signature@~1.2.0:
  version "1.2.0"
  resolved "https://nexus.1wplace.com/repository/npm/http-signature/-/http-signature-1.2.0.tgz#9aecd925114772f3d95b65a60abb8f7c18fbace1"
  integrity sha1-muzZJRFHcvPZW2WmCruPfBj7rOE=
  dependencies:
    assert-plus "^1.0.0"
    jsprim "^1.2.2"
    sshpk "^1.7.0"

indent-string@^3.0.0:
  version "3.2.0"
  resolved "https://nexus.1wplace.com/repository/npm/indent-string/-/indent-string-3.2.0.tgz#4a5fd6d27cc332f37e5419a504dbb837105c9289"
  integrity sha1-Sl/W0nzDMvN+VBmlBNu4NxBckok=

inherits@^2.0.1, inherits@~2.0.3:
  version "2.0.3"
  resolved "https://nexus.1wplace.com/repository/npm/inherits/-/inherits-2.0.3.tgz#633c2c83e3da42a502f52466022480f4208261de"
  integrity sha1-Yzwsg+PaQqUC9SRmAiSA9CCCYd4=

into-stream@^3.1.0:
  version "3.1.0"
  resolved "https://nexus.1wplace.com/repository/npm/into-stream/-/into-stream-3.1.0.tgz#96fb0a936c12babd6ff1752a17d05616abd094c6"
  integrity sha1-lvsKk2wSur1v8XUqF9BWFqvQlMY=
  dependencies:
    from2 "^2.1.1"
    p-is-promise "^1.1.0"

is-object@^1.0.1:
  version "1.0.1"
  resolved "https://nexus.1wplace.com/repository/npm/is-object/-/is-object-1.0.1.tgz#8952688c5ec2ffd6b03ecc85e769e02903083470"
  integrity sha1-iVJojF7C/9awPsyF52ngKQMINHA=

is-plain-obj@^1.0.0:
  version "1.1.0"
  resolved "https://nexus.1wplace.com/repository/npm/is-plain-obj/-/is-plain-obj-1.1.0.tgz#71a50c8429dfca773c92a390a4a03b39fcd51d3e"
  integrity sha1-caUMhCnfync8kqOQpKA7OfzVHT4=

is-retry-allowed@^1.1.0:
  version "1.1.0"
  resolved "https://nexus.1wplace.com/repository/npm/is-retry-allowed/-/is-retry-allowed-1.1.0.tgz#11a060568b67339444033d0125a61a20d564fb34"
  integrity sha1-EaBgVotnM5REAz0BJaYaINVk+zQ=

is-typedarray@~1.0.0:
  version "1.0.0"
  resolved "https://nexus.1wplace.com/repository/npm/is-typedarray/-/is-typedarray-1.0.0.tgz#e479c80858df0c1b11ddda6940f96011fcda4a9a"
  integrity sha1-5HnICFjfDBsR3dppQPlgEfzaSpo=

isarray@~1.0.0:
  version "1.0.0"
  resolved "https://nexus.1wplace.com/repository/npm/isarray/-/isarray-1.0.0.tgz#bb935d48582cba168c06834957a54a3e07124f11"
  integrity sha1-u5NdSFgsuhaMBoNJV6VKPgcSTxE=

isstream@~0.1.2:
  version "0.1.2"
  resolved "https://nexus.1wplace.com/repository/npm/isstream/-/isstream-0.1.2.tgz#47e63f7af55afa6f92e1500e690eb8b8529c099a"
  integrity sha1-R+Y/evVa+m+S4VAOaQ64uFKcCZo=

isurl@^1.0.0-alpha5:
  version "1.0.0"
  resolved "https://nexus.1wplace.com/repository/npm/isurl/-/isurl-1.0.0.tgz#b27f4f49f3cdaa3ea44a0a5b7f3462e6edc39d67"
  integrity sha512-1P/yWsxPlDtn7QeRD+ULKQPaIaN6yF368GZ2vDfv0AL0NwpStafjWCDDdn0k8wgFMWpVAqG7oJhxHnlud42i9w==
  dependencies:
    has-to-string-tag-x "^1.2.0"
    is-object "^1.0.1"

js-yaml@^3.10.0:
  version "3.12.0"
  resolved "https://nexus.1wplace.com/repository/npm/js-yaml/-/js-yaml-3.12.0.tgz#eaed656ec8344f10f527c6bfa1b6e2244de167d1"
  integrity sha512-PIt2cnwmPfL4hKNwqeiuz4bKfnzHTBv6HyVgjahA6mPLwPDzjDWrplJBMjHUFxku/N3FlmrbyPclad+I+4mJ3A==
  dependencies:
    argparse "^1.0.7"
    esprima "^4.0.0"

jsbn@~0.1.0:
  version "0.1.1"
  resolved "https://nexus.1wplace.com/repository/npm/jsbn/-/jsbn-0.1.1.tgz#a5e654c2e5a2deb5f201d96cefbca80c0ef2f513"
  integrity sha1-peZUwuWi3rXyAdls77yoDA7y9RM=

json-buffer@3.0.0:
  version "3.0.0"
  resolved "https://nexus.1wplace.com/repository/npm/json-buffer/-/json-buffer-3.0.0.tgz#5b1f397afc75d677bde8bcfc0e47e1f9a3d9a898"
  integrity sha1-Wx85evx11ne96Lz8Dkfh+aPZqJg=

json-schema-traverse@^0.3.0:
  version "0.3.1"
  resolved "https://nexus.1wplace.com/repository/npm/json-schema-traverse/-/json-schema-traverse-0.3.1.tgz#349a6d44c53a51de89b40805c5d5e59b417d3340"
  integrity sha1-NJptRMU6Ud6JtAgFxdXlm0F9M0A=

json-schema@0.2.3:
  version "0.2.3"
  resolved "https://nexus.1wplace.com/repository/npm/json-schema/-/json-schema-0.2.3.tgz#b480c892e59a2f05954ce727bd3f2a4e882f9e13"
  integrity sha1-tIDIkuWaLwWVTOcnvT8qTogvnhM=

json-stream@^1.0.0:
  version "1.0.0"
  resolved "https://nexus.1wplace.com/repository/npm/json-stream/-/json-stream-1.0.0.tgz#1a3854e28d2bbeeab31cc7ddf683d2ddc5652708"
  integrity sha1-GjhU4o0rvuqzHMfd9oPS3cVlJwg=

json-stringify-safe@~5.0.1:
  version "5.0.1"
  resolved "https://nexus.1wplace.com/repository/npm/json-stringify-safe/-/json-stringify-safe-5.0.1.tgz#1296a2d58fd45f19a0f6ce01d65701e2c735b6eb"
  integrity sha1-Epai1Y/UXxmg9s4B1lcB4sc1tus=

jsprim@^1.2.2:
  version "1.4.1"
  resolved "https://nexus.1wplace.com/repository/npm/jsprim/-/jsprim-1.4.1.tgz#313e66bc1e5cc06e438bc1b7499c2e5c56acb6a2"
  integrity sha1-MT5mvB5cwG5Di8G3SZwuXFastqI=
  dependencies:
    assert-plus "1.0.0"
    extsprintf "1.3.0"
    json-schema "0.2.3"
    verror "1.10.0"

keyv@3.0.0:
  version "3.0.0"
  resolved "https://nexus.1wplace.com/repository/npm/keyv/-/keyv-3.0.0.tgz#44923ba39e68b12a7cec7df6c3268c031f2ef373"
  integrity sha512-eguHnq22OE3uVoSYG0LVWNP+4ppamWr9+zWBe1bsNcovIMy6huUJFPgy4mGwCd/rnl3vOLGW1MTlu4c57CT1xA==
  dependencies:
    json-buffer "3.0.0"

kubernetes-client@^5.4.0:
  version "5.4.0"
  resolved "https://nexus.1wplace.com/repository/npm/kubernetes-client/-/kubernetes-client-5.4.0.tgz#75b8d7aa8b9151d1c1c7efba42154c2410d87370"
  integrity sha512-Wq5csc8/oMUdZzx5AUeYZHATp9KAnK/Wuhl3nej2D1zkL8ACyD6pboe5juOQEMe9WqrqpAKkZl2RpVWq+iQGtw==
  dependencies:
    async "^2.6.0"
    js-yaml "^3.10.0"
    lodash.merge "^4.6.0"
    openid-client "^2.0.0"
    promy "^1.0.1"
    request "^2.83.0"

lodash.assign@^4.0.8:
  version "4.2.0"
  resolved "https://nexus.1wplace.com/repository/npm/lodash.assign/-/lodash.assign-4.2.0.tgz#0d99f3ccd7a6d261d19bdaeb9245005d285808e7"
  integrity sha1-DZnzzNem0mHRm9rrkkUAXShYCOc=

lodash.clone@^4.3.2:
  version "4.5.0"
  resolved "https://nexus.1wplace.com/repository/npm/lodash.clone/-/lodash.clone-4.5.0.tgz#195870450f5a13192478df4bc3d23d2dea1907b6"
  integrity sha1-GVhwRQ9aExkkeN9Lw9I9LeoZB7Y=

lodash.fill@^3.2.2:
  version "3.4.0"
  resolved "https://nexus.1wplace.com/repository/npm/lodash.fill/-/lodash.fill-3.4.0.tgz#a3c74ae640d053adf0dc2079f8720788e8bfef85"
  integrity sha1-o8dK5kDQU63w3CB5+HIHiOi/74U=

lodash.flatten@^4.2.0:
  version "4.4.0"
  resolved "https://nexus.1wplace.com/repository/npm/lodash.flatten/-/lodash.flatten-4.4.0.tgz#f31c22225a9632d2bbf8e4addbef240aa765a61f"
  integrity sha1-8xwiIlqWMtK7+OSt2+8kCqdlph8=

lodash.intersection@^4.1.2:
  version "4.4.0"
  resolved "https://nexus.1wplace.com/repository/npm/lodash.intersection/-/lodash.intersection-4.4.0.tgz#0a11ba631d0e95c23c7f2f4cbb9a692ed178e705"
  integrity sha1-ChG6Yx0OlcI8fy9Mu5ppLtF45wU=

lodash.merge@^4.3.5, lodash.merge@^4.6.0:
  version "4.6.1"
  resolved "https://nexus.1wplace.com/repository/npm/lodash.merge/-/lodash.merge-4.6.1.tgz#adc25d9cb99b9391c59624f379fbba60d7111d54"
  integrity sha512-AOYza4+Hf5z1/0Hztxpm2/xiPZgi/cjMqdnKTUWTBSKchJlxXXuUSxCCl8rJlf4g6yww/j6mA8nC8Hw/EZWxKQ==

lodash.omit@^4.2.1:
  version "4.5.0"
  resolved "https://nexus.1wplace.com/repository/npm/lodash.omit/-/lodash.omit-4.5.0.tgz#6eb19ae5a1ee1dd9df0b969e66ce0b7fa30b5e60"
  integrity sha1-brGa5aHuHdnfC5aeZs4Lf6MLXmA=

lodash.partialright@^4.1.3:
  version "4.2.1"
  resolved "https://nexus.1wplace.com/repository/npm/lodash.partialright/-/lodash.partialright-4.2.1.tgz#0130d80e83363264d40074f329b8a3e7a8a1cc4b"
  integrity sha1-ATDYDoM2MmTUAHTzKbij56ihzEs=

lodash.pick@^4.2.0:
  version "4.4.0"
  resolved "https://nexus.1wplace.com/repository/npm/lodash.pick/-/lodash.pick-4.4.0.tgz#52f05610fff9ded422611441ed1fc123a03001b3"
  integrity sha1-UvBWEP/53tQiYRRB7R/BI6AwAbM=

lodash.uniq@^4.2.1:
  version "4.5.0"
  resolved "https://nexus.1wplace.com/repository/npm/lodash.uniq/-/lodash.uniq-4.5.0.tgz#d0225373aeb652adc1bc82e4945339a842754773"
  integrity sha1-0CJTc662Uq3BvILklFM5qEJ1R3M=

lodash@^4.13.1, lodash@^4.17.10:
  version "4.17.10"
  resolved "https://nexus.1wplace.com/repository/npm/lodash/-/lodash-4.17.10.tgz#1b7793cf7259ea38fb3661d4d38b3260af8ae4e7"
  integrity sha512-UejweD1pDoXu+AD825lWwp4ZGtSwgnpZxb3JDViD7StjQz+Nb/6l093lx4OQ0foGWNRoc19mWy7BzL+UAK2iVg==

long@^4.0.0:
  version "4.0.0"
  resolved "https://nexus.1wplace.com/repository/npm/long/-/long-4.0.0.tgz#9a7b71cfb7d361a194ea555241c92f7468d5bf28"
  integrity sha512-XsP+KhQif4bjX1kbuSiySJFNAehNxgLb6hPRGJ9QsUr8ajHkuXGdrHmFUTUUXhDwVX2R5bY4JNZEwbUiMhV+MA==

lowercase-keys@1.0.0:
  version "1.0.0"
  resolved "https://nexus.1wplace.com/repository/npm/lowercase-keys/-/lowercase-keys-1.0.0.tgz#4e3366b39e7f5457e35f1324bdf6f88d0bfc7306"
  integrity sha1-TjNms55/VFfjXxMkvfb4jQv8cwY=

lowercase-keys@^1.0.0:
  version "1.0.1"
  resolved "https://nexus.1wplace.com/repository/npm/lowercase-keys/-/lowercase-keys-1.0.1.tgz#6f9e30b47084d971a7c820ff15a6c5167b74c26f"
  integrity sha512-G2Lj61tXDnVFFOi8VZds+SoQjtQC3dgokKdDG2mTm1tx4m50NUHBOZSBwQQHyy0V12A0JTG4icfZQH+xPyh8VA==

lru-cache@^4.1.3:
  version "4.1.3"
  resolved "https://nexus.1wplace.com/repository/npm/lru-cache/-/lru-cache-4.1.3.tgz#a1175cf3496dfc8436c156c334b4955992bce69c"
  integrity sha512-fFEhvcgzuIoJVUF8fYr5KR0YqxD238zgObTps31YdADwPPAp82a4M8TrckkWyx7ekNlf9aBcVn81cFwwXngrJA==
  dependencies:
    pseudomap "^1.0.2"
    yallist "^2.1.2"

mime-db@~1.35.0:
  version "1.35.0"
  resolved "https://nexus.1wplace.com/repository/npm/mime-db/-/mime-db-1.35.0.tgz#0569d657466491283709663ad379a99b90d9ab47"
  integrity sha512-JWT/IcCTsB0Io3AhWUMjRqucrHSPsSf2xKLaRldJVULioggvkJvggZ3VXNNSRkCddE6D+BUI4HEIZIA2OjwIvg==

mime-types@^2.1.12, mime-types@~2.1.19:
  version "2.1.19"
  resolved "https://nexus.1wplace.com/repository/npm/mime-types/-/mime-types-2.1.19.tgz#71e464537a7ef81c15f2db9d97e913fc0ff606f0"
  integrity sha512-P1tKYHVSZ6uFo26mtnve4HQFE3koh1UWVkp8YUC+ESBHe945xWSoXuHHiGarDqcEZ+whpCDnlNw5LON0kLo+sw==
  dependencies:
    mime-db "~1.35.0"

mimic-response@^1.0.0:
  version "1.0.1"
  resolved "https://nexus.1wplace.com/repository/npm/mimic-response/-/mimic-response-1.0.1.tgz#4923538878eef42063cb8a3e3b0798781487ab1b"
  integrity sha512-j5EctnkH7amfV/q5Hgmoal1g2QHFJRraOtmx0JpIqkxhBhI/lJSl1nMpQ45hVarwNETOoWEimndZ4QK0RHxuxQ==

ms@2.0.0:
  version "2.0.0"
  resolved "https://nexus.1wplace.com/repository/npm/ms/-/ms-2.0.0.tgz#5608aeadfc00be6c2901df5f9861788de0d597c8"
  integrity sha1-VgiurfwAvmwpAd9fmGF4jeDVl8g=

mustache@^2.2.1:
  version "2.3.1"
  resolved "https://nexus.1wplace.com/repository/npm/mustache/-/mustache-2.3.1.tgz#ef5db3c0d11f1640e9baa47f4e65ba0c3fcd82b9"
  integrity sha512-20dW38oeiTzauvbxs1YxQbr3gbu/Lfo15J4V0EqbspYnn/GwSeTSDNtESy2nak28BW0k8qp7dnrFhrsejLPUtw==

nan@2.2.0:
  version "2.2.0"
  resolved "https://nexus.1wplace.com/repository/npm/nan/-/nan-2.2.0.tgz#779c07135629503cf6a7b7e6aab33049b3c3853c"
  integrity sha1-d5wHE1YpUDz2p7fmqrMwSbPDhTw=

node-forge@^0.7.1:
  version "0.7.5"
  resolved "https://nexus.1wplace.com/repository/npm/node-forge/-/node-forge-0.7.5.tgz#6c152c345ce11c52f465c2abd957e8639cd674df"
  integrity sha512-MmbQJ2MTESTjt3Gi/3yG1wGpIMhUfcIypUCGtTizFR9IiccFwxSpfp0vtIZlkFclEqERemxfnSdZEMR9VqqEFQ==

node-jose@^1.0.0:
  version "1.0.0"
  resolved "https://nexus.1wplace.com/repository/npm/node-jose/-/node-jose-1.0.0.tgz#fe0c17244f5496aec973a7a274c542d18355ece5"
  integrity sha512-RE3P8l60Rj9ELrpPmvw6sOQ1hSyYfmQdNUMCa4EN7nCE1ux5JVX+GfXv+mfUTEMhZwNMwxBtI0+X1CKKeukSVQ==
  dependencies:
    base64url "^3.0.0"
    es6-promise "^4.0.5"
    lodash.assign "^4.0.8"
    lodash.clone "^4.3.2"
    lodash.fill "^3.2.2"
    lodash.flatten "^4.2.0"
    lodash.intersection "^4.1.2"
    lodash.merge "^4.3.5"
    lodash.omit "^4.2.1"
    lodash.partialright "^4.1.3"
    lodash.pick "^4.2.0"
    lodash.uniq "^4.2.1"
    long "^4.0.0"
    node-forge "^0.7.1"
    uuid "^3.0.1"

node-vault@^0.9.0:
  version "0.9.0"
  resolved "https://nexus.1wplace.com/repository/npm/node-vault/-/node-vault-0.9.0.tgz#398abd5aa2bcc34aa9aa27dac4962e9953c378ba"
  integrity sha512-G2uf9aSN5+FMClhsn1cyoLf/OnJhAgSAFJTYqsARb18GkrNHpZv5OsSHXI5SVs+9QERFsl8BPoeT2E4bVtD4fA==
  dependencies:
    debug "3.1.0"
    mustache "^2.2.1"
    request "^2.83.0"
    request-promise-native "^1.0.5"
    tv4 "^1.2.7"

normalize-url@2.0.1:
  version "2.0.1"
  resolved "https://nexus.1wplace.com/repository/npm/normalize-url/-/normalize-url-2.0.1.tgz#835a9da1551fa26f70e92329069a23aa6574d7e6"
  integrity sha512-D6MUW4K/VzoJ4rJ01JFKxDrtY1v9wrgzCX5f2qj/lzH1m/lW6MhUZFKerVsnyjOhOsYzI9Kqqak+10l4LvLpMw==
  dependencies:
    prepend-http "^2.0.0"
    query-string "^5.0.1"
    sort-keys "^2.0.0"

oauth-sign@~0.9.0:
  version "0.9.0"
  resolved "https://nexus.1wplace.com/repository/npm/oauth-sign/-/oauth-sign-0.9.0.tgz#47a7b016baa68b5fa0ecf3dee08a85c679ac6455"
  integrity sha512-fexhUFFPTGV8ybAtSIGbV6gOkSv8UtRbDBnAyLQw4QPKkgNlsH2ByPGtMUqdWkos6YCRmAqViwgZrJc/mRDzZQ==

object-assign@^4.1.0:
  version "4.1.1"
  resolved "https://nexus.1wplace.com/repository/npm/object-assign/-/object-assign-4.1.1.tgz#2109adc7965887cfc05cbbd442cac8bfbb360863"
  integrity sha1-IQmtx5ZYh8/AXLvUQsrIv7s2CGM=

oidc-token-hash@^3.0.1:
  version "3.0.1"
  resolved "https://nexus.1wplace.com/repository/npm/oidc-token-hash/-/oidc-token-hash-3.0.1.tgz#f9e2496a3eea5f755671be54a97f57170a74081d"
  integrity sha512-oLnVSEcNZkw01sB5aFR+2iJmW4oyC1PIMJmd3FMBGDuPTy5ZtEuX5WNhKMRarJIMOq8NiOwIB6eJB9AhgYwBTg==
  dependencies:
    base64url "^3.0.0"

openid-client@^2.0.0:
  version "2.3.0"
  resolved "https://nexus.1wplace.com/repository/npm/openid-client/-/openid-client-2.3.0.tgz#7ca548beed82887096b781942f14417a0f5603bc"
  integrity sha512-KkWZQlEExAT8Sie+xkkwxGjh0l7izLJe6jJ2JxIuKVAloBQaOqGVM0b/3Dl8kdkt6EXoY+7o/N9EnPxanPFWTA==
  dependencies:
    base64url "^3.0.0"
    got "^8.3.1"
    lodash "^4.17.10"
    lru-cache "^4.1.3"
    node-jose "^1.0.0"
    oidc-token-hash "^3.0.1"
    p-any "^1.1.0"
    uuid "^3.2.1"

p-any@^1.1.0:
  version "1.1.0"
  resolved "https://nexus.1wplace.com/repository/npm/p-any/-/p-any-1.1.0.tgz#1d03835c7eed1e34b8e539c47b7b60d0d015d4e1"
  integrity sha512-Ef0tVa4CZ5pTAmKn+Cg3w8ABBXh+hHO1aV8281dKOoUHfX+3tjG2EaFcC+aZyagg9b4EYGsHEjz21DnEE8Og2g==
  dependencies:
    p-some "^2.0.0"

p-cancelable@^0.4.0:
  version "0.4.1"
  resolved "https://nexus.1wplace.com/repository/npm/p-cancelable/-/p-cancelable-0.4.1.tgz#35f363d67d52081c8d9585e37bcceb7e0bbcb2a0"
  integrity sha512-HNa1A8LvB1kie7cERyy21VNeHb2CWJJYqyyC2o3klWFfMGlFmWv2Z7sFgZH8ZiaYL95ydToKTFVXgMV/Os0bBQ==

p-finally@^1.0.0:
  version "1.0.0"
  resolved "https://nexus.1wplace.com/repository/npm/p-finally/-/p-finally-1.0.0.tgz#3fbcfb15b899a44123b34b6dcc18b724336a2cae"
  integrity sha1-P7z7FbiZpEEjs0ttzBi3JDNqLK4=

p-is-promise@^1.1.0:
  version "1.1.0"
  resolved "https://nexus.1wplace.com/repository/npm/p-is-promise/-/p-is-promise-1.1.0.tgz#9c9456989e9f6588017b0434d56097675c3da05e"
  integrity sha1-nJRWmJ6fZYgBewQ01WCXZ1w9oF4=

p-some@^2.0.0:
  version "2.0.1"
  resolved "https://nexus.1wplace.com/repository/npm/p-some/-/p-some-2.0.1.tgz#65d87c8b154edbcf5221d167778b6d2e150f6f06"
  integrity sha1-Zdh8ixVO289SIdFnd4ttLhUPbwY=
  dependencies:
    aggregate-error "^1.0.0"

p-timeout@^2.0.1:
  version "2.0.1"
  resolved "https://nexus.1wplace.com/repository/npm/p-timeout/-/p-timeout-2.0.1.tgz#d8dd1979595d2dc0139e1fe46b8b646cb3cdf038"
  integrity sha512-88em58dDVB/KzPEx1X0N3LwFfYZPyDc4B6eF38M1rk9VTZMbxXXgjugz8mmwpS9Ox4BDZ+t6t3QP5+/gazweIA==
  dependencies:
    p-finally "^1.0.0"

performance-now@^2.1.0:
  version "2.1.0"
  resolved "https://nexus.1wplace.com/repository/npm/performance-now/-/performance-now-2.1.0.tgz#6309f4e0e5fa913ec1c69307ae364b4b377c9e7b"
  integrity sha1-Ywn04OX6kT7BxpMHrjZLSzd8nns=

pify@^3.0.0:
  version "3.0.0"
  resolved "https://nexus.1wplace.com/repository/npm/pify/-/pify-3.0.0.tgz#e5a4acd2c101fdf3d9a4d07f0dbc4db49dd28176"
  integrity sha1-5aSs0sEB/fPZpNB/DbxNtJ3SgXY=

prepend-http@^2.0.0:
  version "2.0.0"
  resolved "https://nexus.1wplace.com/repository/npm/prepend-http/-/prepend-http-2.0.0.tgz#e92434bfa5ea8c19f41cdfd401d741a3c819d897"
  integrity sha1-6SQ0v6XqjBn0HN/UAddBo8gZ2Jc=

process-nextick-args@~2.0.0:
  version "2.0.0"
  resolved "https://nexus.1wplace.com/repository/npm/process-nextick-args/-/process-nextick-args-2.0.0.tgz#a37d732f4271b4ab1ad070d35508e8290788ffaa"
  integrity sha512-MtEC1TqN0EU5nephaJ4rAtThHtC86dNN9qCuEhtshvpVBkAW5ZO7BASN9REnF9eoXGcRub+pFuKEpOHE+HbEMw==

promy@^1.0.1:
  version "1.0.1"
  resolved "https://nexus.1wplace.com/repository/npm/promy/-/promy-1.0.1.tgz#b685184521a20250e799d830e68c522b1a8c123e"
  integrity sha512-A+/yskIBHx+ZMDzkv37ftC/QoDHI1luoxdDZ/4ryTg9fTbnU3YFL5sA4PYQhN5lU3tw3YECmI+H+Z7/r9BKSfw==

pseudomap@^1.0.2:
  version "1.0.2"
  resolved "https://nexus.1wplace.com/repository/npm/pseudomap/-/pseudomap-1.0.2.tgz#f052a28da70e618917ef0a8ac34c1ae5a68286b3"
  integrity sha1-8FKijacOYYkX7wqKw0wa5aaChrM=

psl@^1.1.24:
  version "1.1.29"
  resolved "https://nexus.1wplace.com/repository/npm/psl/-/psl-1.1.29.tgz#60f580d360170bb722a797cc704411e6da850c67"
  integrity sha512-AeUmQ0oLN02flVHXWh9sSJF7mcdFq0ppid/JkErufc3hGIV/AMa8Fo9VgDo/cT2jFdOWoFvHp90qqBH54W+gjQ==

punycode@^1.4.1:
  version "1.4.1"
  resolved "https://nexus.1wplace.com/repository/npm/punycode/-/punycode-1.4.1.tgz#c0d5a63b2718800ad8e1eb0fa5269c84dd41845e"
  integrity sha1-wNWmOycYgArY4esPpSachN1BhF4=

qs@~6.5.2:
  version "6.5.3"
  resolved "https://registry.yarnpkg.com/qs/-/qs-6.5.3.tgz#3aeeffc91967ef6e35c0e488ef46fb296ab76aad"
  integrity sha512-qxXIEh4pCGfHICj1mAJQ2/2XVZkjCDTcEgfoSQxc/fYivUZxTkk7L3bDBJSoNrEzXI17oUO5Dp07ktqE5KzczA==

query-string@^5.0.1:
  version "5.1.1"
  resolved "https://nexus.1wplace.com/repository/npm/query-string/-/query-string-5.1.1.tgz#a78c012b71c17e05f2e3fa2319dd330682efb3cb"
  integrity sha512-gjWOsm2SoGlgLEdAGt7a6slVOk9mGiXmPFMqrEhLQ68rhQuBnpfs3+EmlvqKyxnCo9/PPlF+9MtY02S1aFg+Jw==
  dependencies:
    decode-uri-component "^0.2.0"
    object-assign "^4.1.0"
    strict-uri-encode "^1.0.0"

readable-stream@^2.0.0:
  version "2.3.6"
  resolved "https://nexus.1wplace.com/repository/npm/readable-stream/-/readable-stream-2.3.6.tgz#b11c27d88b8ff1fbe070643cf94b0c79ae1b0aaf"
  integrity sha512-tQtKA9WIAhBF3+VLAseyMqZeBjW0AHJoxOtYqSUZNJxauErmLbVm2FW1y+J/YA9dUrAC39ITejlZWhVIwawkKw==
  dependencies:
    core-util-is "~1.0.0"
    inherits "~2.0.3"
    isarray "~1.0.0"
    process-nextick-args "~2.0.0"
    safe-buffer "~5.1.1"
    string_decoder "~1.1.1"
    util-deprecate "~1.0.1"

request-promise-core@1.1.1:
  version "1.1.1"
  resolved "https://nexus.1wplace.com/repository/npm/request-promise-core/-/request-promise-core-1.1.1.tgz#3eee00b2c5aa83239cfb04c5700da36f81cd08b6"
  integrity sha1-Pu4AssWqgyOc+wTFcA2jb4HNCLY=
  dependencies:
    lodash "^4.13.1"

request-promise-native@^1.0.5:
  version "1.0.5"
  resolved "https://nexus.1wplace.com/repository/npm/request-promise-native/-/request-promise-native-1.0.5.tgz#5281770f68e0c9719e5163fd3fab482215f4fda5"
  integrity sha1-UoF3D2jgyXGeUWP9P6tIIhX0/aU=
  dependencies:
    request-promise-core "1.1.1"
    stealthy-require "^1.1.0"
    tough-cookie ">=2.3.3"

request@^2.83.0:
  version "2.88.0"
  resolved "https://nexus.1wplace.com/repository/npm/request/-/request-2.88.0.tgz#9c2fca4f7d35b592efe57c7f0a55e81052124fef"
  integrity sha512-NAqBSrijGLZdM0WZNsInLJpkJokL72XYjUpnB0iwsRgxh7dB6COrHnTBNwN0E+lHDAJzu7kLAkDeY08z2/A0hg==
  dependencies:
    aws-sign2 "~0.7.0"
    aws4 "^1.8.0"
    caseless "~0.12.0"
    combined-stream "~1.0.6"
    extend "~3.0.2"
    forever-agent "~0.6.1"
    form-data "~2.3.2"
    har-validator "~5.1.0"
    http-signature "~1.2.0"
    is-typedarray "~1.0.0"
    isstream "~0.1.2"
    json-stringify-safe "~5.0.1"
    mime-types "~2.1.19"
    oauth-sign "~0.9.0"
    performance-now "^2.1.0"
    qs "~6.5.2"
    safe-buffer "^5.1.2"
    tough-cookie "~2.4.3"
    tunnel-agent "^0.6.0"
    uuid "^3.3.2"

responselike@1.0.2:
  version "1.0.2"
  resolved "https://nexus.1wplace.com/repository/npm/responselike/-/responselike-1.0.2.tgz#918720ef3b631c5642be068f15ade5a46f4ba1e7"
  integrity sha1-kYcg7ztjHFZCvgaPFa3lpG9Loec=
  dependencies:
    lowercase-keys "^1.0.0"

safe-buffer@^5.0.1, safe-buffer@^5.1.1, safe-buffer@^5.1.2, safe-buffer@~5.1.0, safe-buffer@~5.1.1:
  version "5.1.2"
  resolved "https://nexus.1wplace.com/repository/npm/safe-buffer/-/safe-buffer-5.1.2.tgz#991ec69d296e0313747d59bdfd2b745c35f8828d"
  integrity sha512-Gd2UZBJDkXlY7GbJxfsE8/nvKkUEU1G38c1siN6QP6a9PT9MmHB8GnpscSmMJSoF8LOIrt8ud/wPtojys4G6+g==

safer-buffer@^2.0.2, safer-buffer@^2.1.0, safer-buffer@~2.1.0:
  version "2.1.2"
  resolved "https://nexus.1wplace.com/repository/npm/safer-buffer/-/safer-buffer-2.1.2.tgz#44fa161b0187b9549dd84bb91802f9bd8385cd6a"
  integrity sha512-YZo3K82SD7Riyi0E1EQPojLz7kpepnSQI9IyPbHHg1XXXevb5dJI7tpyN2ADxGcQbHG7vcyRHk0cbwqcQriUtg==

sort-keys@^2.0.0:
  version "2.0.0"
  resolved "https://nexus.1wplace.com/repository/npm/sort-keys/-/sort-keys-2.0.0.tgz#658535584861ec97d730d6cf41822e1f56684128"
  integrity sha1-ZYU1WEhh7JfXMNbPQYIuH1ZoQSg=
  dependencies:
    is-plain-obj "^1.0.0"

sprintf-js@~1.0.2:
  version "1.0.3"
  resolved "https://nexus.1wplace.com/repository/npm/sprintf-js/-/sprintf-js-1.0.3.tgz#04e6926f662895354f3dd015203633b857297e2c"
  integrity sha1-BOaSb2YolTVPPdAVIDYzuFcpfiw=

sshpk@^1.7.0:
  version "1.14.2"
  resolved "https://nexus.1wplace.com/repository/npm/sshpk/-/sshpk-1.14.2.tgz#c6fc61648a3d9c4e764fd3fcdf4ea105e492ba98"
  integrity sha1-xvxhZIo9nE52T9P8306hBeSSupg=
  dependencies:
    asn1 "~0.2.3"
    assert-plus "^1.0.0"
    dashdash "^1.12.0"
    getpass "^0.1.1"
    safer-buffer "^2.0.2"
  optionalDependencies:
    bcrypt-pbkdf "^1.0.0"
    ecc-jsbn "~0.1.1"
    jsbn "~0.1.0"
    tweetnacl "~0.14.0"

stealthy-require@^1.1.0:
  version "1.1.1"
  resolved "https://nexus.1wplace.com/repository/npm/stealthy-require/-/stealthy-require-1.1.1.tgz#35b09875b4ff49f26a777e509b3090a3226bf24b"
  integrity sha1-NbCYdbT/SfJqd35QmzCQoyJr8ks=

strict-uri-encode@^1.0.0:
  version "1.1.0"
  resolved "https://nexus.1wplace.com/repository/npm/strict-uri-encode/-/strict-uri-encode-1.1.0.tgz#279b225df1d582b1f54e65addd4352e18faa0713"
  integrity sha1-J5siXfHVgrH1TmWt3UNS4Y+qBxM=

string_decoder@~1.1.1:
  version "1.1.1"
  resolved "https://nexus.1wplace.com/repository/npm/string_decoder/-/string_decoder-1.1.1.tgz#9cf1611ba62685d7030ae9e4ba34149c3af03fc8"
  integrity sha512-n/ShnvDi6FHbbVfviro+WojiFzv+s8MPMHBczVePfUpDJLwoLT0ht1l4YwBCbi8pJAveEEdnkHyPyTP/mzRfwg==
  dependencies:
    safe-buffer "~5.1.0"

timed-out@^4.0.1:
  version "4.0.1"
  resolved "https://nexus.1wplace.com/repository/npm/timed-out/-/timed-out-4.0.1.tgz#f32eacac5a175bea25d7fab565ab3ed8741ef56f"
  integrity sha1-8y6srFoXW+ol1/q1Zas+2HQe9W8=

tough-cookie@>=2.3.3, tough-cookie@~2.4.3:
  version "2.4.3"
  resolved "https://nexus.1wplace.com/repository/npm/tough-cookie/-/tough-cookie-2.4.3.tgz#53f36da3f47783b0925afa06ff9f3b165280f781"
  integrity sha512-Q5srk/4vDM54WJsJio3XNn6K2sCG+CQ8G5Wz6bZhRZoAe/+TxjWB/GlFAnYEbkYVlON9FMk/fE3h2RLpPXo4lQ==
  dependencies:
    psl "^1.1.24"
    punycode "^1.4.1"

tunnel-agent@^0.6.0:
  version "0.6.0"
  resolved "https://nexus.1wplace.com/repository/npm/tunnel-agent/-/tunnel-agent-0.6.0.tgz#27a5dea06b36b04a0a9966774b290868f0fc40fd"
  integrity sha1-J6XeoGs2sEoKmWZ3SykIaPD8QP0=
  dependencies:
    safe-buffer "^5.0.1"

tv4@^1.2.7:
  version "1.3.0"
  resolved "https://nexus.1wplace.com/repository/npm/tv4/-/tv4-1.3.0.tgz#d020c846fadd50c855abb25ebaecc68fc10f7963"
  integrity sha1-0CDIRvrdUMhVq7JeuuzGj8EPeWM=

tweetnacl@^0.14.3, tweetnacl@~0.14.0:
  version "0.14.5"
  resolved "https://nexus.1wplace.com/repository/npm/tweetnacl/-/tweetnacl-0.14.5.tgz#5ae68177f192d4456269d108afa93ff8743f4f64"
  integrity sha1-WuaBd/GS1EViadEIr6k/+HQ/T2Q=

url-parse-lax@^3.0.0:
  version "3.0.0"
  resolved "https://nexus.1wplace.com/repository/npm/url-parse-lax/-/url-parse-lax-3.0.0.tgz#16b5cafc07dbe3676c1b1999177823d6503acb0c"
  integrity sha1-FrXK/Afb42dsGxmZF3gj1lA6yww=
  dependencies:
    prepend-http "^2.0.0"

url-to-options@^1.0.1:
  version "1.0.1"
  resolved "https://nexus.1wplace.com/repository/npm/url-to-options/-/url-to-options-1.0.1.tgz#1505a03a289a48cbd7a434efbaeec5055f5633a9"
  integrity sha1-FQWgOiiaSMvXpDTvuu7FBV9WM6k=

util-deprecate@~1.0.1:
  version "1.0.2"
  resolved "https://nexus.1wplace.com/repository/npm/util-deprecate/-/util-deprecate-1.0.2.tgz#450d4dc9fa70de732762fbd2d4a28981419a0ccf"
  integrity sha1-RQ1Nyfpw3nMnYvvS1KKJgUGaDM8=

uuid@^3.0.1, uuid@^3.2.1, uuid@^3.3.2:
  version "3.3.2"
  resolved "https://nexus.1wplace.com/repository/npm/uuid/-/uuid-3.3.2.tgz#1b4af4955eb3077c501c23872fc6513811587131"
  integrity sha512-yXJmeNaw3DnnKAOKJE51sL/ZaYfWJRl1pK9dr19YFCu0ObS231AB1/LbqTKRAQ5kw8A90rA6fr4riOUpTZvQZA==

verror@1.10.0:
  version "1.10.0"
  resolved "https://nexus.1wplace.com/repository/npm/verror/-/verror-1.10.0.tgz#3a105ca17053af55d6e270c1f8288682e18da400"
  integrity sha1-OhBcoXBTr1XW4nDB+CiGguGNpAA=
  dependencies:
    assert-plus "^1.0.0"
    core-util-is "1.0.2"
    extsprintf "^1.2.0"

x509@^0.3.3:
  version "0.3.3"
  resolved "https://nexus.1wplace.com/repository/npm/x509/-/x509-0.3.3.tgz#6744af599906327fe444d5103b5b2cafdbe1a776"
  integrity sha512-03sJu1FxG3cKM6xHqDiZqD2Y4yaf50ylPAT0yYpu2TFQ6SFdmiqK7v8pA3koXX8YV6Zdys8/AHCt2wwHGVS8Cg==
  dependencies:
    nan "2.2.0"

yallist@^2.1.2:
  version "2.1.2"
  resolved "https://nexus.1wplace.com/repository/npm/yallist/-/yallist-2.1.2.tgz#1c11f9218f076089a47dd512f93c6699a6a81d52"
  integrity sha1-HBH5IY8HYImkfdUS+TxmmaaoHVI=
