# THIS IS AN AUTOGENERATED FILE. DO NOT EDIT THIS FILE DIRECTLY.
# yarn lockfile v1


"@sindresorhus/is@^0.7.0":
  version "0.7.0"
  resolved "https://nexus.1wplace.com/repository/npm/@sindresorhus/is/-/is-0.7.0.tgz#9a06f4f137ee84d7df0460c1fdb1135ffa6c50fd"

aggregate-error@^1.0.0:
  version "1.0.0"
  resolved "https://nexus.1wplace.com/repository/npm/aggregate-error/-/aggregate-error-1.0.0.tgz#888344dad0220a72e3af50906117f48771925fac"
  dependencies:
    clean-stack "^1.0.0"
    indent-string "^3.0.0"

ajv@^5.3.0:
  version "5.5.2"
  resolved "https://nexus.1wplace.com/repository/npm/ajv/-/ajv-5.5.2.tgz#73b5eeca3fab653e3d3f9422b341ad42205dc965"
  dependencies:
    co "^4.6.0"
    fast-deep-equal "^1.0.0"
    fast-json-stable-stringify "^2.0.0"
    json-schema-traverse "^0.3.0"

argparse@^1.0.7:
  version "1.0.10"
  resolved "https://nexus.1wplace.com/repository/npm/argparse/-/argparse-1.0.10.tgz#bcd6791ea5ae09725e17e5ad988134cd40b3d911"
  dependencies:
    sprintf-js "~1.0.2"

asn1@~0.2.3:
  version "0.2.4"
  resolved "https://nexus.1wplace.com/repository/npm/asn1/-/asn1-0.2.4.tgz#8d2475dfab553bb33e77b54e59e880bb8ce23136"
  dependencies:
    safer-buffer "~2.1.0"

assert-plus@1.0.0, assert-plus@^1.0.0:
  version "1.0.0"
  resolved "https://nexus.1wplace.com/repository/npm/assert-plus/-/assert-plus-1.0.0.tgz#f12e0f3c5d77b0b1cdd9146942e4e96c1e4dd525"

async@^2.6.0:
  version "2.6.1"
  resolved "https://nexus.1wplace.com/repository/npm/async/-/async-2.6.1.tgz#b245a23ca71930044ec53fa46aa00a3e87c6a610"
  dependencies:
    lodash "^4.17.10"

asynckit@^0.4.0:
  version "0.4.0"
  resolved "https://nexus.1wplace.com/repository/npm/asynckit/-/asynckit-0.4.0.tgz#c79ed97f7f34cb8f2ba1bc9790bcc366474b4b79"

aws-sign2@~0.7.0:
  version "0.7.0"
  resolved "https://nexus.1wplace.com/repository/npm/aws-sign2/-/aws-sign2-0.7.0.tgz#b46e890934a9591f2d2f6f86d7e6a9f1b3fe76a8"

aws4@^1.8.0:
  version "1.8.0"
  resolved "https://nexus.1wplace.com/repository/npm/aws4/-/aws4-1.8.0.tgz#f0e003d9ca9e7f59c7a508945d7b2ef9a04a542f"

base64url@^3.0.0:
  version "3.0.0"
  resolved "https://nexus.1wplace.com/repository/npm/base64url/-/base64url-3.0.0.tgz#f2ba30b15f80413d88e3e6116c4f3f7f61e28a2a"

bcrypt-pbkdf@^1.0.0:
  version "1.0.2"
  resolved "https://nexus.1wplace.com/repository/npm/bcrypt-pbkdf/-/bcrypt-pbkdf-1.0.2.tgz#a4301d389b6a43f9b67ff3ca11a3f6637e360e9e"
  dependencies:
    tweetnacl "^0.14.3"

cacheable-request@^2.1.1:
  version "2.1.4"
  resolved "https://nexus.1wplace.com/repository/npm/cacheable-request/-/cacheable-request-2.1.4.tgz#0d808801b6342ad33c91df9d0b44dc09b91e5c3d"
  dependencies:
    clone-response "1.0.2"
    get-stream "3.0.0"
    http-cache-semantics "3.8.1"
    keyv "3.0.0"
    lowercase-keys "1.0.0"
    normalize-url "2.0.1"
    responselike "1.0.2"

caseless@~0.12.0:
  version "0.12.0"
  resolved "https://nexus.1wplace.com/repository/npm/caseless/-/caseless-0.12.0.tgz#1b681c21ff84033c826543090689420d187151dc"

clean-stack@^1.0.0:
  version "1.3.0"
  resolved "https://nexus.1wplace.com/repository/npm/clean-stack/-/clean-stack-1.3.0.tgz#9e821501ae979986c46b1d66d2d432db2fd4ae31"

clone-response@1.0.2:
  version "1.0.2"
  resolved "https://nexus.1wplace.com/repository/npm/clone-response/-/clone-response-1.0.2.tgz#d1dc973920314df67fbeb94223b4ee350239e96b"
  dependencies:
    mimic-response "^1.0.0"

co@^4.6.0:
  version "4.6.0"
  resolved "https://nexus.1wplace.com/repository/npm/co/-/co-4.6.0.tgz#6ea6bdf3d853ae54ccb8e47bfa0bf3f9031fb184"

combined-stream@1.0.6, combined-stream@~1.0.6:
  version "1.0.6"
  resolved "https://nexus.1wplace.com/repository/npm/combined-stream/-/combined-stream-1.0.6.tgz#723e7df6e801ac5613113a7e445a9b69cb632818"
  dependencies:
    delayed-stream "~1.0.0"

core-util-is@1.0.2, core-util-is@~1.0.0:
  version "1.0.2"
  resolved "https://nexus.1wplace.com/repository/npm/core-util-is/-/core-util-is-1.0.2.tgz#b5fd54220aa2bc5ab57aab7140c940754503c1a7"

dashdash@^1.12.0:
  version "1.14.1"
  resolved "https://nexus.1wplace.com/repository/npm/dashdash/-/dashdash-1.14.1.tgz#853cfa0f7cbe2fed5de20326b8dd581035f6e2f0"
  dependencies:
    assert-plus "^1.0.0"

debug@3.1.0:
  version "3.1.0"
  resolved "https://nexus.1wplace.com/repository/npm/debug/-/debug-3.1.0.tgz#5bb5a0672628b64149566ba16819e61518c67261"
  dependencies:
    ms "2.0.0"

decode-uri-component@^0.2.0:
  version "0.2.0"
  resolved "https://nexus.1wplace.com/repository/npm/decode-uri-component/-/decode-uri-component-0.2.0.tgz#eb3913333458775cb84cd1a1fae062106bb87545"

decompress-response@^3.3.0:
  version "3.3.0"
  resolved "https://nexus.1wplace.com/repository/npm/decompress-response/-/decompress-response-3.3.0.tgz#80a4dd323748384bfa248083622aedec982adff3"
  dependencies:
    mimic-response "^1.0.0"

delayed-stream@~1.0.0:
  version "1.0.0"
  resolved "https://nexus.1wplace.com/repository/npm/delayed-stream/-/delayed-stream-1.0.0.tgz#df3ae199acadfb7d440aaae0b29e2272b24ec619"

duplexer3@^0.1.4:
  version "0.1.4"
  resolved "https://nexus.1wplace.com/repository/npm/duplexer3/-/duplexer3-0.1.4.tgz#ee01dd1cac0ed3cbc7fdbea37dc0a8f1ce002ce2"

ecc-jsbn@~0.1.1:
  version "0.1.2"
  resolved "https://nexus.1wplace.com/repository/npm/ecc-jsbn/-/ecc-jsbn-0.1.2.tgz#3a83a904e54353287874c564b7549386849a98c9"
  dependencies:
    jsbn "~0.1.0"
    safer-buffer "^2.1.0"

es6-promise@^4.0.5:
  version "4.2.4"
  resolved "https://nexus.1wplace.com/repository/npm/es6-promise/-/es6-promise-4.2.4.tgz#dc4221c2b16518760bd8c39a52d8f356fc00ed29"

esprima@^4.0.0:
  version "4.0.1"
  resolved "https://nexus.1wplace.com/repository/npm/esprima/-/esprima-4.0.1.tgz#13b04cdb3e6c5d19df91ab6987a8695619b0aa71"

extend@~3.0.2:
  version "3.0.2"
  resolved "https://nexus.1wplace.com/repository/npm/extend/-/extend-3.0.2.tgz#f8b1136b4071fbd8eb140aff858b1019ec2915fa"

extsprintf@1.3.0:
  version "1.3.0"
  resolved "https://nexus.1wplace.com/repository/npm/extsprintf/-/extsprintf-1.3.0.tgz#96918440e3041a7a414f8c52e3c574eb3c3e1e05"

extsprintf@^1.2.0:
  version "1.4.0"
  resolved "https://nexus.1wplace.com/repository/npm/extsprintf/-/extsprintf-1.4.0.tgz#e2689f8f356fad62cca65a3a91c5df5f9551692f"

fast-deep-equal@^1.0.0:
  version "1.1.0"
  resolved "https://nexus.1wplace.com/repository/npm/fast-deep-equal/-/fast-deep-equal-1.1.0.tgz#c053477817c86b51daa853c81e059b733d023614"

fast-json-stable-stringify@^2.0.0:
  version "2.0.0"
  resolved "https://nexus.1wplace.com/repository/npm/fast-json-stable-stringify/-/fast-json-stable-stringify-2.0.0.tgz#d5142c0caee6b1189f87d3a76111064f86c8bbf2"

forever-agent@~0.6.1:
  version "0.6.1"
  resolved "https://nexus.1wplace.com/repository/npm/forever-agent/-/forever-agent-0.6.1.tgz#fbc71f0c41adeb37f96c577ad1ed42d8fdacca91"

form-data@~2.3.2:
  version "2.3.2"
  resolved "https://nexus.1wplace.com/repository/npm/form-data/-/form-data-2.3.2.tgz#4970498be604c20c005d4f5c23aecd21d6b49099"
  dependencies:
    asynckit "^0.4.0"
    combined-stream "1.0.6"
    mime-types "^2.1.12"

from2@^2.1.1:
  version "2.3.0"
  resolved "https://nexus.1wplace.com/repository/npm/from2/-/from2-2.3.0.tgz#8bfb5502bde4a4d36cfdeea007fcca21d7e382af"
  dependencies:
    inherits "^2.0.1"
    readable-stream "^2.0.0"

get-stream@3.0.0, get-stream@^3.0.0:
  version "3.0.0"
  resolved "https://nexus.1wplace.com/repository/npm/get-stream/-/get-stream-3.0.0.tgz#8e943d1358dc37555054ecbe2edb05aa174ede14"

getpass@^0.1.1:
  version "0.1.7"
  resolved "https://nexus.1wplace.com/repository/npm/getpass/-/getpass-0.1.7.tgz#5eff8e3e684d569ae4cb2b1282604e8ba62149fa"
  dependencies:
    assert-plus "^1.0.0"

got@^8.3.1:
  version "8.3.2"
  resolved "https://nexus.1wplace.com/repository/npm/got/-/got-8.3.2.tgz#1d23f64390e97f776cac52e5b936e5f514d2e937"
  dependencies:
    "@sindresorhus/is" "^0.7.0"
    cacheable-request "^2.1.1"
    decompress-response "^3.3.0"
    duplexer3 "^0.1.4"
    get-stream "^3.0.0"
    into-stream "^3.1.0"
    is-retry-allowed "^1.1.0"
    isurl "^1.0.0-alpha5"
    lowercase-keys "^1.0.0"
    mimic-response "^1.0.0"
    p-cancelable "^0.4.0"
    p-timeout "^2.0.1"
    pify "^3.0.0"
    safe-buffer "^5.1.1"
    timed-out "^4.0.1"
    url-parse-lax "^3.0.0"
    url-to-options "^1.0.1"

har-schema@^2.0.0:
  version "2.0.0"
  resolved "https://nexus.1wplace.com/repository/npm/har-schema/-/har-schema-2.0.0.tgz#a94c2224ebcac04782a0d9035521f24735b7ec92"

har-validator@~5.1.0:
  version "5.1.0"
  resolved "https://nexus.1wplace.com/repository/npm/har-validator/-/har-validator-5.1.0.tgz#44657f5688a22cfd4b72486e81b3a3fb11742c29"
  dependencies:
    ajv "^5.3.0"
    har-schema "^2.0.0"

has-symbol-support-x@^1.4.1:
  version "1.4.2"
  resolved "https://nexus.1wplace.com/repository/npm/has-symbol-support-x/-/has-symbol-support-x-1.4.2.tgz#1409f98bc00247da45da67cee0a36f282ff26455"

has-to-string-tag-x@^1.2.0:
  version "1.4.1"
  resolved "https://nexus.1wplace.com/repository/npm/has-to-string-tag-x/-/has-to-string-tag-x-1.4.1.tgz#a045ab383d7b4b2012a00148ab0aa5f290044d4d"
  dependencies:
    has-symbol-support-x "^1.4.1"

http-cache-semantics@3.8.1:
  version "3.8.1"
  resolved "https://nexus.1wplace.com/repository/npm/http-cache-semantics/-/http-cache-semantics-3.8.1.tgz#39b0e16add9b605bf0a9ef3d9daaf4843b4cacd2"

http-signature@~1.2.0:
  version "1.2.0"
  resolved "https://nexus.1wplace.com/repository/npm/http-signature/-/http-signature-1.2.0.tgz#9aecd925114772f3d95b65a60abb8f7c18fbace1"
  dependencies:
    assert-plus "^1.0.0"
    jsprim "^1.2.2"
    sshpk "^1.7.0"

indent-string@^3.0.0:
  version "3.2.0"
  resolved "https://nexus.1wplace.com/repository/npm/indent-string/-/indent-string-3.2.0.tgz#4a5fd6d27cc332f37e5419a504dbb837105c9289"

inherits@^2.0.1, inherits@~2.0.3:
  version "2.0.3"
  resolved "https://nexus.1wplace.com/repository/npm/inherits/-/inherits-2.0.3.tgz#633c2c83e3da42a502f52466022480f4208261de"

into-stream@^3.1.0:
  version "3.1.0"
  resolved "https://nexus.1wplace.com/repository/npm/into-stream/-/into-stream-3.1.0.tgz#96fb0a936c12babd6ff1752a17d05616abd094c6"
  dependencies:
    from2 "^2.1.1"
    p-is-promise "^1.1.0"

is-object@^1.0.1:
  version "1.0.1"
  resolved "https://nexus.1wplace.com/repository/npm/is-object/-/is-object-1.0.1.tgz#8952688c5ec2ffd6b03ecc85e769e02903083470"

is-plain-obj@^1.0.0:
  version "1.1.0"
  resolved "https://nexus.1wplace.com/repository/npm/is-plain-obj/-/is-plain-obj-1.1.0.tgz#71a50c8429dfca773c92a390a4a03b39fcd51d3e"

is-retry-allowed@^1.1.0:
  version "1.1.0"
  resolved "https://nexus.1wplace.com/repository/npm/is-retry-allowed/-/is-retry-allowed-1.1.0.tgz#11a060568b67339444033d0125a61a20d564fb34"

is-typedarray@~1.0.0:
  version "1.0.0"
  resolved "https://nexus.1wplace.com/repository/npm/is-typedarray/-/is-typedarray-1.0.0.tgz#e479c80858df0c1b11ddda6940f96011fcda4a9a"

isarray@~1.0.0:
  version "1.0.0"
  resolved "https://nexus.1wplace.com/repository/npm/isarray/-/isarray-1.0.0.tgz#bb935d48582cba168c06834957a54a3e07124f11"

isstream@~0.1.2:
  version "0.1.2"
  resolved "https://nexus.1wplace.com/repository/npm/isstream/-/isstream-0.1.2.tgz#47e63f7af55afa6f92e1500e690eb8b8529c099a"

isurl@^1.0.0-alpha5:
  version "1.0.0"
  resolved "https://nexus.1wplace.com/repository/npm/isurl/-/isurl-1.0.0.tgz#b27f4f49f3cdaa3ea44a0a5b7f3462e6edc39d67"
  dependencies:
    has-to-string-tag-x "^1.2.0"
    is-object "^1.0.1"

js-yaml@^3.10.0:
  version "3.12.0"
  resolved "https://nexus.1wplace.com/repository/npm/js-yaml/-/js-yaml-3.12.0.tgz#eaed656ec8344f10f527c6bfa1b6e2244de167d1"
  dependencies:
    argparse "^1.0.7"
    esprima "^4.0.0"

jsbn@~0.1.0:
  version "0.1.1"
  resolved "https://nexus.1wplace.com/repository/npm/jsbn/-/jsbn-0.1.1.tgz#a5e654c2e5a2deb5f201d96cefbca80c0ef2f513"

json-buffer@3.0.0:
  version "3.0.0"
  resolved "https://nexus.1wplace.com/repository/npm/json-buffer/-/json-buffer-3.0.0.tgz#5b1f397afc75d677bde8bcfc0e47e1f9a3d9a898"

json-schema-traverse@^0.3.0:
  version "0.3.1"
  resolved "https://nexus.1wplace.com/repository/npm/json-schema-traverse/-/json-schema-traverse-0.3.1.tgz#349a6d44c53a51de89b40805c5d5e59b417d3340"

json-schema@0.2.3:
  version "0.2.3"
  resolved "https://nexus.1wplace.com/repository/npm/json-schema/-/json-schema-0.2.3.tgz#b480c892e59a2f05954ce727bd3f2a4e882f9e13"

json-stream@^1.0.0:
  version "1.0.0"
  resolved "https://nexus.1wplace.com/repository/npm/json-stream/-/json-stream-1.0.0.tgz#1a3854e28d2bbeeab31cc7ddf683d2ddc5652708"

json-stringify-safe@~5.0.1:
  version "5.0.1"
  resolved "https://nexus.1wplace.com/repository/npm/json-stringify-safe/-/json-stringify-safe-5.0.1.tgz#1296a2d58fd45f19a0f6ce01d65701e2c735b6eb"

jsprim@^1.2.2:
  version "1.4.1"
  resolved "https://nexus.1wplace.com/repository/npm/jsprim/-/jsprim-1.4.1.tgz#313e66bc1e5cc06e438bc1b7499c2e5c56acb6a2"
  dependencies:
    assert-plus "1.0.0"
    extsprintf "1.3.0"
    json-schema "0.2.3"
    verror "1.10.0"

keyv@3.0.0:
  version "3.0.0"
  resolved "https://nexus.1wplace.com/repository/npm/keyv/-/keyv-3.0.0.tgz#44923ba39e68b12a7cec7df6c3268c031f2ef373"
  dependencies:
    json-buffer "3.0.0"

kubernetes-client@^5.4.0:
  version "5.4.0"
  resolved "https://nexus.1wplace.com/repository/npm/kubernetes-client/-/kubernetes-client-5.4.0.tgz#75b8d7aa8b9151d1c1c7efba42154c2410d87370"
  dependencies:
    async "^2.6.0"
    js-yaml "^3.10.0"
    lodash.merge "^4.6.0"
    openid-client "^2.0.0"
    promy "^1.0.1"
    request "^2.83.0"

lodash.assign@^4.0.8:
  version "4.2.0"
  resolved "https://nexus.1wplace.com/repository/npm/lodash.assign/-/lodash.assign-4.2.0.tgz#0d99f3ccd7a6d261d19bdaeb9245005d285808e7"

lodash.clone@^4.3.2:
  version "4.5.0"
  resolved "https://nexus.1wplace.com/repository/npm/lodash.clone/-/lodash.clone-4.5.0.tgz#195870450f5a13192478df4bc3d23d2dea1907b6"

lodash.fill@^3.2.2:
  version "3.4.0"
  resolved "https://nexus.1wplace.com/repository/npm/lodash.fill/-/lodash.fill-3.4.0.tgz#a3c74ae640d053adf0dc2079f8720788e8bfef85"

lodash.flatten@^4.2.0:
  version "4.4.0"
  resolved "https://nexus.1wplace.com/repository/npm/lodash.flatten/-/lodash.flatten-4.4.0.tgz#f31c22225a9632d2bbf8e4addbef240aa765a61f"

lodash.intersection@^4.1.2:
  version "4.4.0"
  resolved "https://nexus.1wplace.com/repository/npm/lodash.intersection/-/lodash.intersection-4.4.0.tgz#0a11ba631d0e95c23c7f2f4cbb9a692ed178e705"

lodash.merge@^4.3.5, lodash.merge@^4.6.0:
  version "4.6.1"
  resolved "https://nexus.1wplace.com/repository/npm/lodash.merge/-/lodash.merge-4.6.1.tgz#adc25d9cb99b9391c59624f379fbba60d7111d54"

lodash.omit@^4.2.1:
  version "4.5.0"
  resolved "https://nexus.1wplace.com/repository/npm/lodash.omit/-/lodash.omit-4.5.0.tgz#6eb19ae5a1ee1dd9df0b969e66ce0b7fa30b5e60"

lodash.partialright@^4.1.3:
  version "4.2.1"
  resolved "https://nexus.1wplace.com/repository/npm/lodash.partialright/-/lodash.partialright-4.2.1.tgz#0130d80e83363264d40074f329b8a3e7a8a1cc4b"

lodash.pick@^4.2.0:
  version "4.4.0"
  resolved "https://nexus.1wplace.com/repository/npm/lodash.pick/-/lodash.pick-4.4.0.tgz#52f05610fff9ded422611441ed1fc123a03001b3"

lodash.uniq@^4.2.1:
  version "4.5.0"
  resolved "https://nexus.1wplace.com/repository/npm/lodash.uniq/-/lodash.uniq-4.5.0.tgz#d0225373aeb652adc1bc82e4945339a842754773"

lodash@^4.13.1, lodash@^4.17.10:
  version "4.17.10"
  resolved "https://nexus.1wplace.com/repository/npm/lodash/-/lodash-4.17.10.tgz#1b7793cf7259ea38fb3661d4d38b3260af8ae4e7"

long@^4.0.0:
  version "4.0.0"
  resolved "https://nexus.1wplace.com/repository/npm/long/-/long-4.0.0.tgz#9a7b71cfb7d361a194ea555241c92f7468d5bf28"

lowercase-keys@1.0.0:
  version "1.0.0"
  resolved "https://nexus.1wplace.com/repository/npm/lowercase-keys/-/lowercase-keys-1.0.0.tgz#4e3366b39e7f5457e35f1324bdf6f88d0bfc7306"

lowercase-keys@^1.0.0:
  version "1.0.1"
  resolved "https://nexus.1wplace.com/repository/npm/lowercase-keys/-/lowercase-keys-1.0.1.tgz#6f9e30b47084d971a7c820ff15a6c5167b74c26f"

lru-cache@^4.1.3:
  version "4.1.3"
  resolved "https://nexus.1wplace.com/repository/npm/lru-cache/-/lru-cache-4.1.3.tgz#a1175cf3496dfc8436c156c334b4955992bce69c"
  dependencies:
    pseudomap "^1.0.2"
    yallist "^2.1.2"

mime-db@~1.35.0:
  version "1.35.0"
  resolved "https://nexus.1wplace.com/repository/npm/mime-db/-/mime-db-1.35.0.tgz#0569d657466491283709663ad379a99b90d9ab47"

mime-types@^2.1.12, mime-types@~2.1.19:
  version "2.1.19"
  resolved "https://nexus.1wplace.com/repository/npm/mime-types/-/mime-types-2.1.19.tgz#71e464537a7ef81c15f2db9d97e913fc0ff606f0"
  dependencies:
    mime-db "~1.35.0"

mimic-response@^1.0.0:
  version "1.0.1"
  resolved "https://nexus.1wplace.com/repository/npm/mimic-response/-/mimic-response-1.0.1.tgz#4923538878eef42063cb8a3e3b0798781487ab1b"

ms@2.0.0:
  version "2.0.0"
  resolved "https://nexus.1wplace.com/repository/npm/ms/-/ms-2.0.0.tgz#5608aeadfc00be6c2901df5f9861788de0d597c8"

mustache@^2.2.1:
  version "2.3.1"
  resolved "https://nexus.1wplace.com/repository/npm/mustache/-/mustache-2.3.1.tgz#ef5db3c0d11f1640e9baa47f4e65ba0c3fcd82b9"

nan@2.2.0:
  version "2.2.0"
  resolved "https://nexus.1wplace.com/repository/npm/nan/-/nan-2.2.0.tgz#779c07135629503cf6a7b7e6aab33049b3c3853c"

node-forge@^0.7.1:
  version "0.7.5"
  resolved "https://nexus.1wplace.com/repository/npm/node-forge/-/node-forge-0.7.5.tgz#6c152c345ce11c52f465c2abd957e8639cd674df"

node-jose@^1.0.0:
  version "1.0.0"
  resolved "https://nexus.1wplace.com/repository/npm/node-jose/-/node-jose-1.0.0.tgz#fe0c17244f5496aec973a7a274c542d18355ece5"
  dependencies:
    base64url "^3.0.0"
    es6-promise "^4.0.5"
    lodash.assign "^4.0.8"
    lodash.clone "^4.3.2"
    lodash.fill "^3.2.2"
    lodash.flatten "^4.2.0"
    lodash.intersection "^4.1.2"
    lodash.merge "^4.3.5"
    lodash.omit "^4.2.1"
    lodash.partialright "^4.1.3"
    lodash.pick "^4.2.0"
    lodash.uniq "^4.2.1"
    long "^4.0.0"
    node-forge "^0.7.1"
    uuid "^3.0.1"

node-vault@^0.9.0:
  version "0.9.0"
  resolved "https://nexus.1wplace.com/repository/npm/node-vault/-/node-vault-0.9.0.tgz#398abd5aa2bcc34aa9aa27dac4962e9953c378ba"
  dependencies:
    debug "3.1.0"
    mustache "^2.2.1"
    request "^2.83.0"
    request-promise-native "^1.0.5"
    tv4 "^1.2.7"

normalize-url@2.0.1:
  version "2.0.1"
  resolved "https://nexus.1wplace.com/repository/npm/normalize-url/-/normalize-url-2.0.1.tgz#835a9da1551fa26f70e92329069a23aa6574d7e6"
  dependencies:
    prepend-http "^2.0.0"
    query-string "^5.0.1"
    sort-keys "^2.0.0"

oauth-sign@~0.9.0:
  version "0.9.0"
  resolved "https://nexus.1wplace.com/repository/npm/oauth-sign/-/oauth-sign-0.9.0.tgz#47a7b016baa68b5fa0ecf3dee08a85c679ac6455"

object-assign@^4.1.0:
  version "4.1.1"
  resolved "https://nexus.1wplace.com/repository/npm/object-assign/-/object-assign-4.1.1.tgz#2109adc7965887cfc05cbbd442cac8bfbb360863"

oidc-token-hash@^3.0.1:
  version "3.0.1"
  resolved "https://nexus.1wplace.com/repository/npm/oidc-token-hash/-/oidc-token-hash-3.0.1.tgz#f9e2496a3eea5f755671be54a97f57170a74081d"
  dependencies:
    base64url "^3.0.0"

openid-client@^2.0.0:
  version "2.3.0"
  resolved "https://nexus.1wplace.com/repository/npm/openid-client/-/openid-client-2.3.0.tgz#7ca548beed82887096b781942f14417a0f5603bc"
  dependencies:
    base64url "^3.0.0"
    got "^8.3.1"
    lodash "^4.17.10"
    lru-cache "^4.1.3"
    node-jose "^1.0.0"
    oidc-token-hash "^3.0.1"
    p-any "^1.1.0"
    uuid "^3.2.1"

p-any@^1.1.0:
  version "1.1.0"
  resolved "https://nexus.1wplace.com/repository/npm/p-any/-/p-any-1.1.0.tgz#1d03835c7eed1e34b8e539c47b7b60d0d015d4e1"
  dependencies:
    p-some "^2.0.0"

p-cancelable@^0.4.0:
  version "0.4.1"
  resolved "https://nexus.1wplace.com/repository/npm/p-cancelable/-/p-cancelable-0.4.1.tgz#35f363d67d52081c8d9585e37bcceb7e0bbcb2a0"

p-finally@^1.0.0:
  version "1.0.0"
  resolved "https://nexus.1wplace.com/repository/npm/p-finally/-/p-finally-1.0.0.tgz#3fbcfb15b899a44123b34b6dcc18b724336a2cae"

p-is-promise@^1.1.0:
  version "1.1.0"
  resolved "https://nexus.1wplace.com/repository/npm/p-is-promise/-/p-is-promise-1.1.0.tgz#9c9456989e9f6588017b0434d56097675c3da05e"

p-some@^2.0.0:
  version "2.0.1"
  resolved "https://nexus.1wplace.com/repository/npm/p-some/-/p-some-2.0.1.tgz#65d87c8b154edbcf5221d167778b6d2e150f6f06"
  dependencies:
    aggregate-error "^1.0.0"

p-timeout@^2.0.1:
  version "2.0.1"
  resolved "https://nexus.1wplace.com/repository/npm/p-timeout/-/p-timeout-2.0.1.tgz#d8dd1979595d2dc0139e1fe46b8b646cb3cdf038"
  dependencies:
    p-finally "^1.0.0"

performance-now@^2.1.0:
  version "2.1.0"
  resolved "https://nexus.1wplace.com/repository/npm/performance-now/-/performance-now-2.1.0.tgz#6309f4e0e5fa913ec1c69307ae364b4b377c9e7b"

pify@^3.0.0:
  version "3.0.0"
  resolved "https://nexus.1wplace.com/repository/npm/pify/-/pify-3.0.0.tgz#e5a4acd2c101fdf3d9a4d07f0dbc4db49dd28176"

prepend-http@^2.0.0:
  version "2.0.0"
  resolved "https://nexus.1wplace.com/repository/npm/prepend-http/-/prepend-http-2.0.0.tgz#e92434bfa5ea8c19f41cdfd401d741a3c819d897"

process-nextick-args@~2.0.0:
  version "2.0.0"
  resolved "https://nexus.1wplace.com/repository/npm/process-nextick-args/-/process-nextick-args-2.0.0.tgz#a37d732f4271b4ab1ad070d35508e8290788ffaa"

promy@^1.0.1:
  version "1.0.1"
  resolved "https://nexus.1wplace.com/repository/npm/promy/-/promy-1.0.1.tgz#b685184521a20250e799d830e68c522b1a8c123e"

pseudomap@^1.0.2:
  version "1.0.2"
  resolved "https://nexus.1wplace.com/repository/npm/pseudomap/-/pseudomap-1.0.2.tgz#f052a28da70e618917ef0a8ac34c1ae5a68286b3"

psl@^1.1.24:
  version "1.1.29"
  resolved "https://nexus.1wplace.com/repository/npm/psl/-/psl-1.1.29.tgz#60f580d360170bb722a797cc704411e6da850c67"

punycode@^1.4.1:
  version "1.4.1"
  resolved "https://nexus.1wplace.com/repository/npm/punycode/-/punycode-1.4.1.tgz#c0d5a63b2718800ad8e1eb0fa5269c84dd41845e"

qs@~6.5.2:
  version "6.5.2"
  resolved "https://nexus.1wplace.com/repository/npm/qs/-/qs-6.5.2.tgz#cb3ae806e8740444584ef154ce8ee98d403f3e36"

query-string@^5.0.1:
  version "5.1.1"
  resolved "https://nexus.1wplace.com/repository/npm/query-string/-/query-string-5.1.1.tgz#a78c012b71c17e05f2e3fa2319dd330682efb3cb"
  dependencies:
    decode-uri-component "^0.2.0"
    object-assign "^4.1.0"
    strict-uri-encode "^1.0.0"

readable-stream@^2.0.0:
  version "2.3.6"
  resolved "https://nexus.1wplace.com/repository/npm/readable-stream/-/readable-stream-2.3.6.tgz#b11c27d88b8ff1fbe070643cf94b0c79ae1b0aaf"
  dependencies:
    core-util-is "~1.0.0"
    inherits "~2.0.3"
    isarray "~1.0.0"
    process-nextick-args "~2.0.0"
    safe-buffer "~5.1.1"
    string_decoder "~1.1.1"
    util-deprecate "~1.0.1"

request-promise-core@1.1.1:
  version "1.1.1"
  resolved "https://nexus.1wplace.com/repository/npm/request-promise-core/-/request-promise-core-1.1.1.tgz#3eee00b2c5aa83239cfb04c5700da36f81cd08b6"
  dependencies:
    lodash "^4.13.1"

request-promise-native@^1.0.5:
  version "1.0.5"
  resolved "https://nexus.1wplace.com/repository/npm/request-promise-native/-/request-promise-native-1.0.5.tgz#5281770f68e0c9719e5163fd3fab482215f4fda5"
  dependencies:
    request-promise-core "1.1.1"
    stealthy-require "^1.1.0"
    tough-cookie ">=2.3.3"

request@^2.83.0:
  version "2.88.0"
  resolved "https://nexus.1wplace.com/repository/npm/request/-/request-2.88.0.tgz#9c2fca4f7d35b592efe57c7f0a55e81052124fef"
  dependencies:
    aws-sign2 "~0.7.0"
    aws4 "^1.8.0"
    caseless "~0.12.0"
    combined-stream "~1.0.6"
    extend "~3.0.2"
    forever-agent "~0.6.1"
    form-data "~2.3.2"
    har-validator "~5.1.0"
    http-signature "~1.2.0"
    is-typedarray "~1.0.0"
    isstream "~0.1.2"
    json-stringify-safe "~5.0.1"
    mime-types "~2.1.19"
    oauth-sign "~0.9.0"
    performance-now "^2.1.0"
    qs "~6.5.2"
    safe-buffer "^5.1.2"
    tough-cookie "~2.4.3"
    tunnel-agent "^0.6.0"
    uuid "^3.3.2"

responselike@1.0.2:
  version "1.0.2"
  resolved "https://nexus.1wplace.com/repository/npm/responselike/-/responselike-1.0.2.tgz#918720ef3b631c5642be068f15ade5a46f4ba1e7"
  dependencies:
    lowercase-keys "^1.0.0"

safe-buffer@^5.0.1, safe-buffer@^5.1.1, safe-buffer@^5.1.2, safe-buffer@~5.1.0, safe-buffer@~5.1.1:
  version "5.1.2"
  resolved "https://nexus.1wplace.com/repository/npm/safe-buffer/-/safe-buffer-5.1.2.tgz#991ec69d296e0313747d59bdfd2b745c35f8828d"

safer-buffer@^2.0.2, safer-buffer@^2.1.0, safer-buffer@~2.1.0:
  version "2.1.2"
  resolved "https://nexus.1wplace.com/repository/npm/safer-buffer/-/safer-buffer-2.1.2.tgz#44fa161b0187b9549dd84bb91802f9bd8385cd6a"

sort-keys@^2.0.0:
  version "2.0.0"
  resolved "https://nexus.1wplace.com/repository/npm/sort-keys/-/sort-keys-2.0.0.tgz#658535584861ec97d730d6cf41822e1f56684128"
  dependencies:
    is-plain-obj "^1.0.0"

sprintf-js@~1.0.2:
  version "1.0.3"
  resolved "https://nexus.1wplace.com/repository/npm/sprintf-js/-/sprintf-js-1.0.3.tgz#04e6926f662895354f3dd015203633b857297e2c"

sshpk@^1.7.0:
  version "1.14.2"
  resolved "https://nexus.1wplace.com/repository/npm/sshpk/-/sshpk-1.14.2.tgz#c6fc61648a3d9c4e764fd3fcdf4ea105e492ba98"
  dependencies:
    asn1 "~0.2.3"
    assert-plus "^1.0.0"
    dashdash "^1.12.0"
    getpass "^0.1.1"
    safer-buffer "^2.0.2"
  optionalDependencies:
    bcrypt-pbkdf "^1.0.0"
    ecc-jsbn "~0.1.1"
    jsbn "~0.1.0"
    tweetnacl "~0.14.0"

stealthy-require@^1.1.0:
  version "1.1.1"
  resolved "https://nexus.1wplace.com/repository/npm/stealthy-require/-/stealthy-require-1.1.1.tgz#35b09875b4ff49f26a777e509b3090a3226bf24b"

strict-uri-encode@^1.0.0:
  version "1.1.0"
  resolved "https://nexus.1wplace.com/repository/npm/strict-uri-encode/-/strict-uri-encode-1.1.0.tgz#279b225df1d582b1f54e65addd4352e18faa0713"

string_decoder@~1.1.1:
  version "1.1.1"
  resolved "https://nexus.1wplace.com/repository/npm/string_decoder/-/string_decoder-1.1.1.tgz#9cf1611ba62685d7030ae9e4ba34149c3af03fc8"
  dependencies:
    safe-buffer "~5.1.0"

timed-out@^4.0.1:
  version "4.0.1"
  resolved "https://nexus.1wplace.com/repository/npm/timed-out/-/timed-out-4.0.1.tgz#f32eacac5a175bea25d7fab565ab3ed8741ef56f"

tough-cookie@>=2.3.3, tough-cookie@~2.4.3:
  version "2.4.3"
  resolved "https://nexus.1wplace.com/repository/npm/tough-cookie/-/tough-cookie-2.4.3.tgz#53f36da3f47783b0925afa06ff9f3b165280f781"
  dependencies:
    psl "^1.1.24"
    punycode "^1.4.1"

tunnel-agent@^0.6.0:
  version "0.6.0"
  resolved "https://nexus.1wplace.com/repository/npm/tunnel-agent/-/tunnel-agent-0.6.0.tgz#27a5dea06b36b04a0a9966774b290868f0fc40fd"
  dependencies:
    safe-buffer "^5.0.1"

tv4@^1.2.7:
  version "1.3.0"
  resolved "https://nexus.1wplace.com/repository/npm/tv4/-/tv4-1.3.0.tgz#d020c846fadd50c855abb25ebaecc68fc10f7963"

tweetnacl@^0.14.3, tweetnacl@~0.14.0:
  version "0.14.5"
  resolved "https://nexus.1wplace.com/repository/npm/tweetnacl/-/tweetnacl-0.14.5.tgz#5ae68177f192d4456269d108afa93ff8743f4f64"

url-parse-lax@^3.0.0:
  version "3.0.0"
  resolved "https://nexus.1wplace.com/repository/npm/url-parse-lax/-/url-parse-lax-3.0.0.tgz#16b5cafc07dbe3676c1b1999177823d6503acb0c"
  dependencies:
    prepend-http "^2.0.0"

url-to-options@^1.0.1:
  version "1.0.1"
  resolved "https://nexus.1wplace.com/repository/npm/url-to-options/-/url-to-options-1.0.1.tgz#1505a03a289a48cbd7a434efbaeec5055f5633a9"

util-deprecate@~1.0.1:
  version "1.0.2"
  resolved "https://nexus.1wplace.com/repository/npm/util-deprecate/-/util-deprecate-1.0.2.tgz#450d4dc9fa70de732762fbd2d4a28981419a0ccf"

uuid@^3.0.1, uuid@^3.2.1, uuid@^3.3.2:
  version "3.3.2"
  resolved "https://nexus.1wplace.com/repository/npm/uuid/-/uuid-3.3.2.tgz#1b4af4955eb3077c501c23872fc6513811587131"

verror@1.10.0:
  version "1.10.0"
  resolved "https://nexus.1wplace.com/repository/npm/verror/-/verror-1.10.0.tgz#3a105ca17053af55d6e270c1f8288682e18da400"
  dependencies:
    assert-plus "^1.0.0"
    core-util-is "1.0.2"
    extsprintf "^1.2.0"

x509@^0.3.3:
  version "0.3.3"
  resolved "https://nexus.1wplace.com/repository/npm/x509/-/x509-0.3.3.tgz#6744af599906327fe444d5103b5b2cafdbe1a776"
  dependencies:
    nan "2.2.0"

yallist@^2.1.2:
  version "2.1.2"
  resolved "https://nexus.1wplace.com/repository/npm/yallist/-/yallist-2.1.2.tgz#1c11f9218f076089a47dd512f93c6699a6a81d52"
